// !$*UTF8*$!
{
	archiveVersion = 1;
	classes = {
	};
	objectVersion = 46;
	objects = {

/* Begin PBXBuildFile section */
		07709897743741A981FE44DE /* libPods-LYSSPaiTests.a in Frameworks */ = {isa = PBXBuildFile; fileRef = 730961651010214BB6992570 /* libPods-LYSSPaiTests.a */; };
		0811BB911F3EB3EC000FEBB7 /* main.m in Sources */ = {isa = PBXBuildFile; fileRef = 0811BB901F3EB3EC000FEBB7 /* main.m */; };
		0811BB941F3EB3EC000FEBB7 /* AppDelegate.m in Sources */ = {isa = PBXBuildFile; fileRef = 0811BB931F3EB3EC000FEBB7 /* AppDelegate.m */; };
		0811BB9C1F3EB3EC000FEBB7 /* Assets.xcassets in Resources */ = {isa = PBXBuildFile; fileRef = 0811BB9B1F3EB3EC000FEBB7 /* Assets.xcassets */; };
		0811BB9F1F3EB3EC000FEBB7 /* LaunchScreen.storyboard in Resources */ = {isa = PBXBuildFile; fileRef = 0811BB9D1F3EB3EC000FEBB7 /* LaunchScreen.storyboard */; };
		0811BFB31F3EB9EA000FEBB7 /* LYTabBarController.m in Sources */ = {isa = PBXBuildFile; fileRef = 0811BFB21F3EB9EA000FEBB7 /* LYTabBarController.m */; };
		0811BFB61F3EBA03000FEBB7 /* LYNavController.m in Sources */ = {isa = PBXBuildFile; fileRef = 0811BFB51F3EBA03000FEBB7 /* LYNavController.m */; };
		0811BFBC1F3EBA72000FEBB7 /* LoginPageViewController.m in Sources */ = {isa = PBXBuildFile; fileRef = 0811BFBB1F3EBA72000FEBB7 /* LoginPageViewController.m */; };
		0811BFBF1F3EBC0F000FEBB7 /* LYSSPaiViewController.m in Sources */ = {isa = PBXBuildFile; fileRef = 0811BFBE1F3EBC0F000FEBB7 /* LYSSPaiViewController.m */; };
		0811BFC21F3EBC28000FEBB7 /* HomePageViewController.m in Sources */ = {isa = PBXBuildFile; fileRef = 0811BFC11F3EBC28000FEBB7 /* HomePageViewController.m */; };
		0811BFC51F3EBC37000FEBB7 /* FoundViewController.m in Sources */ = {isa = PBXBuildFile; fileRef = 0811BFC41F3EBC37000FEBB7 /* FoundViewController.m */; };
		0811BFC81F3EBC55000FEBB7 /* MessageViewController.m in Sources */ = {isa = PBXBuildFile; fileRef = 0811BFC71F3EBC55000FEBB7 /* MessageViewController.m */; };
		0811BFCF1F3ED0DE000FEBB7 /* HeaderView.m in Sources */ = {isa = PBXBuildFile; fileRef = 0811BFCE1F3ED0DE000FEBB7 /* HeaderView.m */; };
		08AEA2991F407FE200A8F91B /* AdsCell.m in Sources */ = {isa = PBXBuildFile; fileRef = 08AEA2981F407FE200A8F91B /* AdsCell.m */; };
		08AEA29C1F407FF300A8F91B /* NewsCell.m in Sources */ = {isa = PBXBuildFile; fileRef = 08AEA29B1F407FF300A8F91B /* NewsCell.m */; };
		08AEA29F1F40804200A8F91B /* PaidNewsCell.m in Sources */ = {isa = PBXBuildFile; fileRef = 08AEA29E1F40804200A8F91B /* PaidNewsCell.m */; };
		08AEA2A51F4080A400A8F91B /* AdsModel.m in Sources */ = {isa = PBXBuildFile; fileRef = 08AEA2A41F4080A400A8F91B /* AdsModel.m */; };
		08AEA2A81F4080B600A8F91B /* NewsModel.m in Sources */ = {isa = PBXBuildFile; fileRef = 08AEA2A71F4080B600A8F91B /* NewsModel.m */; };
		08AEA2AB1F4080CB00A8F91B /* PaidNewsModel.m in Sources */ = {isa = PBXBuildFile; fileRef = 08AEA2AA1F4080CB00A8F91B /* PaidNewsModel.m */; };
		08AEA2AD1F41A87800A8F91B /* newsData.json in Resources */ = {isa = PBXBuildFile; fileRef = 08AEA2AC1F41A87800A8F91B /* newsData.json */; };
		08AEA2B11F41B48800A8F91B /* adsData.json in Resources */ = {isa = PBXBuildFile; fileRef = 08AEA2AE1F41B48800A8F91B /* adsData.json */; };
		08AEA2B21F41B48800A8F91B /* paidNewsData.json in Resources */ = {isa = PBXBuildFile; fileRef = 08AEA2AF1F41B48800A8F91B /* paidNewsData.json */; };
		08AEA2B31F41B48800A8F91B /* newsData2.json in Resources */ = {isa = PBXBuildFile; fileRef = 08AEA2B01F41B48800A8F91B /* newsData2.json */; };
		08AEA2B51F41C48A00A8F91B /* find.json in Resources */ = {isa = PBXBuildFile; fileRef = 08AEA2B41F41C48900A8F91B /* find.json */; };
		08AEA2BB1F41C54700A8F91B /* FindCell.m in Sources */ = {isa = PBXBuildFile; fileRef = 08AEA2BA1F41C54700A8F91B /* FindCell.m */; };
		08AEA2BE1F41C55B00A8F91B /* FindModel.m in Sources */ = {isa = PBXBuildFile; fileRef = 08AEA2BD1F41C55B00A8F91B /* FindModel.m */; };
		08AEA2C01F42A98300A8F91B /* news_refresh.json in Resources */ = {isa = PBXBuildFile; fileRef = 08AEA2BF1F42A98300A8F91B /* news_refresh.json */; };
		08AEA2C21F42AC8E00A8F91B /* refresh.json in Resources */ = {isa = PBXBuildFile; fileRef = 08AEA2C11F42AC8E00A8F91B /* refresh.json */; };
		08AEA2CB1F42DC5600A8F91B /* LYSubViewController.m in Sources */ = {isa = PBXBuildFile; fileRef = 08AEA2CA1F42DC5600A8F91B /* LYSubViewController.m */; };
		08AEA2CE1F42DCEA00A8F91B /* ClassedViewController.m in Sources */ = {isa = PBXBuildFile; fileRef = 08AEA2CD1F42DCEA00A8F91B /* ClassedViewController.m */; };
		08AEA2D11F42DDC200A8F91B /* NewsReadController.m in Sources */ = {isa = PBXBuildFile; fileRef = 08AEA2D01F42DDC200A8F91B /* NewsReadController.m */; };
		08AEA2D41F42DE3B00A8F91B /* NewsReadModel.m in Sources */ = {isa = PBXBuildFile; fileRef = 08AEA2D31F42DE3B00A8F91B /* NewsReadModel.m */; };
		0DBA4869A74FAABB15C4AEA7 /* libPods-LYSSPai.a in Frameworks */ = {isa = PBXBuildFile; fileRef = D5BCCD8B222D2A11AB86D018 /* libPods-LYSSPai.a */; };
		D791D3A324B2219776500FFB /* libPods-LYSSPaiUITests.a in Frameworks */ = {isa = PBXBuildFile; fileRef = 048BD983B929E18478DDA7BE /* libPods-LYSSPaiUITests.a */; };
/* End PBXBuildFile section */

/* Begin PBXContainerItemProxy section */
		0811BBA61F3EB3EC000FEBB7 /* PBXContainerItemProxy */ = {
			isa = PBXContainerItemProxy;
			containerPortal = 0811BB841F3EB3EC000FEBB7 /* Project object */;
			proxyType = 1;
			remoteGlobalIDString = 0811BB8B1F3EB3EC000FEBB7;
			remoteInfo = LYSSPai;
		};
		0811BBB11F3EB3EC000FEBB7 /* PBXContainerItemProxy */ = {
			isa = PBXContainerItemProxy;
			containerPortal = 0811BB841F3EB3EC000FEBB7 /* Project object */;
			proxyType = 1;
			remoteGlobalIDString = 0811BB8B1F3EB3EC000FEBB7;
			remoteInfo = LYSSPai;
		};
/* End PBXContainerItemProxy section */

/* Begin PBXFileReference section */
		048BD983B929E18478DDA7BE /* libPods-LYSSPaiUITests.a */ = {isa = PBXFileReference; explicitFileType = archive.ar; includeInIndex = 0; path = "libPods-LYSSPaiUITests.a"; sourceTree = BUILT_PRODUCTS_DIR; };
		0811BB8C1F3EB3EC000FEBB7 /* LYSSPai.app */ = {isa = PBXFileReference; explicitFileType = wrapper.application; includeInIndex = 0; path = LYSSPai.app; sourceTree = BUILT_PRODUCTS_DIR; };
		0811BB901F3EB3EC000FEBB7 /* main.m */ = {isa = PBXFileReference; lastKnownFileType = sourcecode.c.objc; path = main.m; sourceTree = "<group>"; };
		0811BB921F3EB3EC000FEBB7 /* AppDelegate.h */ = {isa = PBXFileReference; lastKnownFileType = sourcecode.c.h; path = AppDelegate.h; sourceTree = "<group>"; };
		0811BB931F3EB3EC000FEBB7 /* AppDelegate.m */ = {isa = PBXFileReference; lastKnownFileType = sourcecode.c.objc; path = AppDelegate.m; sourceTree = "<group>"; };
		0811BB9B1F3EB3EC000FEBB7 /* Assets.xcassets */ = {isa = PBXFileReference; lastKnownFileType = folder.assetcatalog; path = Assets.xcassets; sourceTree = "<group>"; };
		0811BB9E1F3EB3EC000FEBB7 /* Base */ = {isa = PBXFileReference; lastKnownFileType = file.storyboard; name = Base; path = Base.lproj/LaunchScreen.storyboard; sourceTree = "<group>"; };
		0811BBA01F3EB3EC000FEBB7 /* Info.plist */ = {isa = PBXFileReference; lastKnownFileType = text.plist.xml; path = Info.plist; sourceTree = "<group>"; };
		0811BBA51F3EB3EC000FEBB7 /* LYSSPaiTests.xctest */ = {isa = PBXFileReference; explicitFileType = wrapper.cfbundle; includeInIndex = 0; path = LYSSPaiTests.xctest; sourceTree = BUILT_PRODUCTS_DIR; };
		0811BBB01F3EB3EC000FEBB7 /* LYSSPaiUITests.xctest */ = {isa = PBXFileReference; explicitFileType = wrapper.cfbundle; includeInIndex = 0; path = LYSSPaiUITests.xctest; sourceTree = BUILT_PRODUCTS_DIR; };
		0811BFB11F3EB9EA000FEBB7 /* LYTabBarController.h */ = {isa = PBXFileReference; fileEncoding = 4; lastKnownFileType = sourcecode.c.h; path = LYTabBarController.h; sourceTree = "<group>"; };
		0811BFB21F3EB9EA000FEBB7 /* LYTabBarController.m */ = {isa = PBXFileReference; fileEncoding = 4; lastKnownFileType = sourcecode.c.objc; path = LYTabBarController.m; sourceTree = "<group>"; };
		0811BFB41F3EBA03000FEBB7 /* LYNavController.h */ = {isa = PBXFileReference; fileEncoding = 4; lastKnownFileType = sourcecode.c.h; path = LYNavController.h; sourceTree = "<group>"; };
		0811BFB51F3EBA03000FEBB7 /* LYNavController.m */ = {isa = PBXFileReference; fileEncoding = 4; lastKnownFileType = sourcecode.c.objc; path = LYNavController.m; sourceTree = "<group>"; };
		0811BFBA1F3EBA72000FEBB7 /* LoginPageViewController.h */ = {isa = PBXFileReference; fileEncoding = 4; lastKnownFileType = sourcecode.c.h; path = LoginPageViewController.h; sourceTree = "<group>"; };
		0811BFBB1F3EBA72000FEBB7 /* LoginPageViewController.m */ = {isa = PBXFileReference; fileEncoding = 4; lastKnownFileType = sourcecode.c.objc; path = LoginPageViewController.m; sourceTree = "<group>"; };
		0811BFBD1F3EBC0F000FEBB7 /* LYSSPaiViewController.h */ = {isa = PBXFileReference; fileEncoding = 4; lastKnownFileType = sourcecode.c.h; path = LYSSPaiViewController.h; sourceTree = "<group>"; };
		0811BFBE1F3EBC0F000FEBB7 /* LYSSPaiViewController.m */ = {isa = PBXFileReference; fileEncoding = 4; lastKnownFileType = sourcecode.c.objc; path = LYSSPaiViewController.m; sourceTree = "<group>"; };
		0811BFC01F3EBC28000FEBB7 /* HomePageViewController.h */ = {isa = PBXFileReference; fileEncoding = 4; lastKnownFileType = sourcecode.c.h; path = HomePageViewController.h; sourceTree = "<group>"; };
		0811BFC11F3EBC28000FEBB7 /* HomePageViewController.m */ = {isa = PBXFileReference; fileEncoding = 4; lastKnownFileType = sourcecode.c.objc; path = HomePageViewController.m; sourceTree = "<group>"; };
		0811BFC31F3EBC37000FEBB7 /* FoundViewController.h */ = {isa = PBXFileReference; fileEncoding = 4; lastKnownFileType = sourcecode.c.h; path = FoundViewController.h; sourceTree = "<group>"; };
		0811BFC41F3EBC37000FEBB7 /* FoundViewController.m */ = {isa = PBXFileReference; fileEncoding = 4; lastKnownFileType = sourcecode.c.objc; path = FoundViewController.m; sourceTree = "<group>"; };
		0811BFC61F3EBC55000FEBB7 /* MessageViewController.h */ = {isa = PBXFileReference; fileEncoding = 4; lastKnownFileType = sourcecode.c.h; path = MessageViewController.h; sourceTree = "<group>"; };
		0811BFC71F3EBC55000FEBB7 /* MessageViewController.m */ = {isa = PBXFileReference; fileEncoding = 4; lastKnownFileType = sourcecode.c.objc; path = MessageViewController.m; sourceTree = "<group>"; };
		0811BFCD1F3ED0DE000FEBB7 /* HeaderView.h */ = {isa = PBXFileReference; fileEncoding = 4; lastKnownFileType = sourcecode.c.h; path = HeaderView.h; sourceTree = "<group>"; };
		0811BFCE1F3ED0DE000FEBB7 /* HeaderView.m */ = {isa = PBXFileReference; fileEncoding = 4; lastKnownFileType = sourcecode.c.objc; path = HeaderView.m; sourceTree = "<group>"; };
		0811BFD61F3EEB82000FEBB7 /* PrefixHeader.pch */ = {isa = PBXFileReference; lastKnownFileType = sourcecode.c.h; path = PrefixHeader.pch; sourceTree = "<group>"; };
		08AEA2971F407FE200A8F91B /* AdsCell.h */ = {isa = PBXFileReference; fileEncoding = 4; lastKnownFileType = sourcecode.c.h; path = AdsCell.h; sourceTree = "<group>"; };
		08AEA2981F407FE200A8F91B /* AdsCell.m */ = {isa = PBXFileReference; fileEncoding = 4; lastKnownFileType = sourcecode.c.objc; path = AdsCell.m; sourceTree = "<group>"; };
		08AEA29A1F407FF300A8F91B /* NewsCell.h */ = {isa = PBXFileReference; fileEncoding = 4; lastKnownFileType = sourcecode.c.h; path = NewsCell.h; sourceTree = "<group>"; };
		08AEA29B1F407FF300A8F91B /* NewsCell.m */ = {isa = PBXFileReference; fileEncoding = 4; lastKnownFileType = sourcecode.c.objc; path = NewsCell.m; sourceTree = "<group>"; };
		08AEA29D1F40804200A8F91B /* PaidNewsCell.h */ = {isa = PBXFileReference; fileEncoding = 4; lastKnownFileType = sourcecode.c.h; path = PaidNewsCell.h; sourceTree = "<group>"; };
		08AEA29E1F40804200A8F91B /* PaidNewsCell.m */ = {isa = PBXFileReference; fileEncoding = 4; lastKnownFileType = sourcecode.c.objc; path = PaidNewsCell.m; sourceTree = "<group>"; };
		08AEA2A31F4080A400A8F91B /* AdsModel.h */ = {isa = PBXFileReference; fileEncoding = 4; lastKnownFileType = sourcecode.c.h; path = AdsModel.h; sourceTree = "<group>"; };
		08AEA2A41F4080A400A8F91B /* AdsModel.m */ = {isa = PBXFileReference; fileEncoding = 4; lastKnownFileType = sourcecode.c.objc; path = AdsModel.m; sourceTree = "<group>"; };
		08AEA2A61F4080B600A8F91B /* NewsModel.h */ = {isa = PBXFileReference; fileEncoding = 4; lastKnownFileType = sourcecode.c.h; path = NewsModel.h; sourceTree = "<group>"; };
		08AEA2A71F4080B600A8F91B /* NewsModel.m */ = {isa = PBXFileReference; fileEncoding = 4; lastKnownFileType = sourcecode.c.objc; path = NewsModel.m; sourceTree = "<group>"; };
		08AEA2A91F4080CB00A8F91B /* PaidNewsModel.h */ = {isa = PBXFileReference; fileEncoding = 4; lastKnownFileType = sourcecode.c.h; path = PaidNewsModel.h; sourceTree = "<group>"; };
		08AEA2AA1F4080CB00A8F91B /* PaidNewsModel.m */ = {isa = PBXFileReference; fileEncoding = 4; lastKnownFileType = sourcecode.c.objc; path = PaidNewsModel.m; sourceTree = "<group>"; };
		08AEA2AC1F41A87800A8F91B /* newsData.json */ = {isa = PBXFileReference; fileEncoding = 4; lastKnownFileType = text.json; path = newsData.json; sourceTree = "<group>"; };
		08AEA2AE1F41B48800A8F91B /* adsData.json */ = {isa = PBXFileReference; fileEncoding = 4; lastKnownFileType = text.json; path = adsData.json; sourceTree = "<group>"; };
		08AEA2AF1F41B48800A8F91B /* paidNewsData.json */ = {isa = PBXFileReference; fileEncoding = 4; lastKnownFileType = text.json; path = paidNewsData.json; sourceTree = "<group>"; };
		08AEA2B01F41B48800A8F91B /* newsData2.json */ = {isa = PBXFileReference; fileEncoding = 4; lastKnownFileType = text.json; path = newsData2.json; sourceTree = "<group>"; };
		08AEA2B41F41C48900A8F91B /* find.json */ = {isa = PBXFileReference; fileEncoding = 4; lastKnownFileType = text.json; path = find.json; sourceTree = "<group>"; };
		08AEA2B91F41C54700A8F91B /* FindCell.h */ = {isa = PBXFileReference; fileEncoding = 4; lastKnownFileType = sourcecode.c.h; path = FindCell.h; sourceTree = "<group>"; };
		08AEA2BA1F41C54700A8F91B /* FindCell.m */ = {isa = PBXFileReference; fileEncoding = 4; lastKnownFileType = sourcecode.c.objc; path = FindCell.m; sourceTree = "<group>"; };
		08AEA2BC1F41C55B00A8F91B /* FindModel.h */ = {isa = PBXFileReference; fileEncoding = 4; lastKnownFileType = sourcecode.c.h; path = FindModel.h; sourceTree = "<group>"; };
		08AEA2BD1F41C55B00A8F91B /* FindModel.m */ = {isa = PBXFileReference; fileEncoding = 4; lastKnownFileType = sourcecode.c.objc; path = FindModel.m; sourceTree = "<group>"; };
		08AEA2BF1F42A98300A8F91B /* news_refresh.json */ = {isa = PBXFileReference; fileEncoding = 4; lastKnownFileType = text.json; name = news_refresh.json; path = ../news_refresh.json; sourceTree = "<group>"; };
		08AEA2C11F42AC8E00A8F91B /* refresh.json */ = {isa = PBXFileReference; fileEncoding = 4; lastKnownFileType = text.json; name = refresh.json; path = ../refresh.json; sourceTree = "<group>"; };
		08AEA2C91F42DC5600A8F91B /* LYSubViewController.h */ = {isa = PBXFileReference; fileEncoding = 4; lastKnownFileType = sourcecode.c.h; path = LYSubViewController.h; sourceTree = "<group>"; };
		08AEA2CA1F42DC5600A8F91B /* LYSubViewController.m */ = {isa = PBXFileReference; fileEncoding = 4; lastKnownFileType = sourcecode.c.objc; path = LYSubViewController.m; sourceTree = "<group>"; };
		08AEA2CC1F42DCEA00A8F91B /* ClassedViewController.h */ = {isa = PBXFileReference; fileEncoding = 4; lastKnownFileType = sourcecode.c.h; path = ClassedViewController.h; sourceTree = "<group>"; };
		08AEA2CD1F42DCEA00A8F91B /* ClassedViewController.m */ = {isa = PBXFileReference; fileEncoding = 4; lastKnownFileType = sourcecode.c.objc; path = ClassedViewController.m; sourceTree = "<group>"; };
		08AEA2CF1F42DDC200A8F91B /* NewsReadController.h */ = {isa = PBXFileReference; fileEncoding = 4; lastKnownFileType = sourcecode.c.h; path = NewsReadController.h; sourceTree = "<group>"; };
		08AEA2D01F42DDC200A8F91B /* NewsReadController.m */ = {isa = PBXFileReference; fileEncoding = 4; lastKnownFileType = sourcecode.c.objc; path = NewsReadController.m; sourceTree = "<group>"; };
		08AEA2D21F42DE3B00A8F91B /* NewsReadModel.h */ = {isa = PBXFileReference; fileEncoding = 4; lastKnownFileType = sourcecode.c.h; path = NewsReadModel.h; sourceTree = "<group>"; };
		08AEA2D31F42DE3B00A8F91B /* NewsReadModel.m */ = {isa = PBXFileReference; fileEncoding = 4; lastKnownFileType = sourcecode.c.objc; path = NewsReadModel.m; sourceTree = "<group>"; };
		730961651010214BB6992570 /* libPods-LYSSPaiTests.a */ = {isa = PBXFileReference; explicitFileType = archive.ar; includeInIndex = 0; path = "libPods-LYSSPaiTests.a"; sourceTree = BUILT_PRODUCTS_DIR; };
		864C56B68E311541B809EFC3 /* Pods-LYSSPaiTests.release.xcconfig */ = {isa = PBXFileReference; includeInIndex = 1; lastKnownFileType = text.xcconfig; name = "Pods-LYSSPaiTests.release.xcconfig"; path = "Pods/Target Support Files/Pods-LYSSPaiTests/Pods-LYSSPaiTests.release.xcconfig"; sourceTree = "<group>"; };
		B65E504DFD23B15591185539 /* Pods-LYSSPaiUITests.release.xcconfig */ = {isa = PBXFileReference; includeInIndex = 1; lastKnownFileType = text.xcconfig; name = "Pods-LYSSPaiUITests.release.xcconfig"; path = "Pods/Target Support Files/Pods-LYSSPaiUITests/Pods-LYSSPaiUITests.release.xcconfig"; sourceTree = "<group>"; };
		BFE6C7EFC00EAFB9DC8831DF /* Pods-LYSSPai.debug.xcconfig */ = {isa = PBXFileReference; includeInIndex = 1; lastKnownFileType = text.xcconfig; name = "Pods-LYSSPai.debug.xcconfig"; path = "Pods/Target Support Files/Pods-LYSSPai/Pods-LYSSPai.debug.xcconfig"; sourceTree = "<group>"; };
		CC67453B7788386F3B9CA6AE /* Pods-LYSSPaiTests.debug.xcconfig */ = {isa = PBXFileReference; includeInIndex = 1; lastKnownFileType = text.xcconfig; name = "Pods-LYSSPaiTests.debug.xcconfig"; path = "Pods/Target Support Files/Pods-LYSSPaiTests/Pods-LYSSPaiTests.debug.xcconfig"; sourceTree = "<group>"; };
		CCD9CB26E3F88F3A35D70399 /* Pods-LYSSPaiUITests.debug.xcconfig */ = {isa = PBXFileReference; includeInIndex = 1; lastKnownFileType = text.xcconfig; name = "Pods-LYSSPaiUITests.debug.xcconfig"; path = "Pods/Target Support Files/Pods-LYSSPaiUITests/Pods-LYSSPaiUITests.debug.xcconfig"; sourceTree = "<group>"; };
		D366C234FC70A18C81E460F4 /* Pods-LYSSPai.release.xcconfig */ = {isa = PBXFileReference; includeInIndex = 1; lastKnownFileType = text.xcconfig; name = "Pods-LYSSPai.release.xcconfig"; path = "Pods/Target Support Files/Pods-LYSSPai/Pods-LYSSPai.release.xcconfig"; sourceTree = "<group>"; };
		D5BCCD8B222D2A11AB86D018 /* libPods-LYSSPai.a */ = {isa = PBXFileReference; explicitFileType = archive.ar; includeInIndex = 0; path = "libPods-LYSSPai.a"; sourceTree = BUILT_PRODUCTS_DIR; };
/* End PBXFileReference section */

/* Begin PBXFrameworksBuildPhase section */
		0811BB891F3EB3EC000FEBB7 /* Frameworks */ = {
			isa = PBXFrameworksBuildPhase;
			buildActionMask = 2147483647;
			files = (
				0DBA4869A74FAABB15C4AEA7 /* libPods-LYSSPai.a in Frameworks */,
			);
			runOnlyForDeploymentPostprocessing = 0;
		};
		0811BBA21F3EB3EC000FEBB7 /* Frameworks */ = {
			isa = PBXFrameworksBuildPhase;
			buildActionMask = 2147483647;
			files = (
				07709897743741A981FE44DE /* libPods-LYSSPaiTests.a in Frameworks */,
			);
			runOnlyForDeploymentPostprocessing = 0;
		};
		0811BBAD1F3EB3EC000FEBB7 /* Frameworks */ = {
			isa = PBXFrameworksBuildPhase;
			buildActionMask = 2147483647;
			files = (
				D791D3A324B2219776500FFB /* libPods-LYSSPaiUITests.a in Frameworks */,
			);
			runOnlyForDeploymentPostprocessing = 0;
		};
/* End PBXFrameworksBuildPhase section */

/* Begin PBXGroup section */
		0811BB831F3EB3EC000FEBB7 = {
			isa = PBXGroup;
			children = (
				0811BB8E1F3EB3EC000FEBB7 /* LYSSPai */,
				0811BB8D1F3EB3EC000FEBB7 /* Products */,
				377A8602D8B960723BD97FFD /* Pods */,
				ADAFDE5A5226781F4B9793B9 /* Frameworks */,
			);
			sourceTree = "<group>";
		};
		0811BB8D1F3EB3EC000FEBB7 /* Products */ = {
			isa = PBXGroup;
			children = (
				0811BB8C1F3EB3EC000FEBB7 /* LYSSPai.app */,
				0811BBA51F3EB3EC000FEBB7 /* LYSSPaiTests.xctest */,
				0811BBB01F3EB3EC000FEBB7 /* LYSSPaiUITests.xctest */,
			);
			name = Products;
			sourceTree = "<group>";
		};
		0811BB8E1F3EB3EC000FEBB7 /* LYSSPai */ = {
			isa = PBXGroup;
			children = (
				0811BFB01F3EB9BF000FEBB7 /* Main */,
				0811BFC91F3EC34D000FEBB7 /* Home */,
				0811BFCA1F3EC353000FEBB7 /* Found */,
				0811BFCB1F3EC35A000FEBB7 /* Message */,
				0811BFCC1F3EC361000FEBB7 /* Login */,
				0811BB9B1F3EB3EC000FEBB7 /* Assets.xcassets */,
				0811BB9D1F3EB3EC000FEBB7 /* LaunchScreen.storyboard */,
				08AEA2C11F42AC8E00A8F91B /* refresh.json */,
				08AEA2BF1F42A98300A8F91B /* news_refresh.json */,
				08AEA2B41F41C48900A8F91B /* find.json */,
				08AEA2AC1F41A87800A8F91B /* newsData.json */,
				08AEA2AE1F41B48800A8F91B /* adsData.json */,
				08AEA2AF1F41B48800A8F91B /* paidNewsData.json */,
				08AEA2B01F41B48800A8F91B /* newsData2.json */,
				0811BBA01F3EB3EC000FEBB7 /* Info.plist */,
				0811BB8F1F3EB3EC000FEBB7 /* Supporting Files */,
				0811BFD61F3EEB82000FEBB7 /* PrefixHeader.pch */,
			);
			path = LYSSPai;
			sourceTree = "<group>";
		};
		0811BB8F1F3EB3EC000FEBB7 /* Supporting Files */ = {
			isa = PBXGroup;
			children = (
				0811BB921F3EB3EC000FEBB7 /* AppDelegate.h */,
				0811BB931F3EB3EC000FEBB7 /* AppDelegate.m */,
				0811BB901F3EB3EC000FEBB7 /* main.m */,
			);
			name = "Supporting Files";
			sourceTree = "<group>";
		};
		0811BFB01F3EB9BF000FEBB7 /* Main */ = {
			isa = PBXGroup;
			children = (
				0811BFD31F3EE595000FEBB7 /* ViewController */,
				0811BFD51F3EE5B0000FEBB7 /* View */,
			);
			name = Main;
			sourceTree = "<group>";
		};
		0811BFC91F3EC34D000FEBB7 /* Home */ = {
			isa = PBXGroup;
			children = (
				0811BFD21F3EE579000FEBB7 /* ViewController */,
				0811BFD11F3EE572000FEBB7 /* View */,
				0811BFD01F3EE56A000FEBB7 /* Model */,
			);
			name = Home;
			sourceTree = "<group>";
		};
		0811BFCA1F3EC353000FEBB7 /* Found */ = {
			isa = PBXGroup;
			children = (
				08AEA2B81F41C51F00A8F91B /* Model */,
				08AEA2B71F41C51800A8F91B /* View */,
				08AEA2B61F41C50F00A8F91B /* ViewController */,
			);
			name = Found;
			sourceTree = "<group>";
		};
		0811BFCB1F3EC35A000FEBB7 /* Message */ = {
			isa = PBXGroup;
			children = (
				0811BFC61F3EBC55000FEBB7 /* MessageViewController.h */,
				0811BFC71F3EBC55000FEBB7 /* MessageViewController.m */,
			);
			name = Message;
			sourceTree = "<group>";
		};
		0811BFCC1F3EC361000FEBB7 /* Login */ = {
			isa = PBXGroup;
			children = (
				0811BFBA1F3EBA72000FEBB7 /* LoginPageViewController.h */,
				0811BFBB1F3EBA72000FEBB7 /* LoginPageViewController.m */,
			);
			name = Login;
			sourceTree = "<group>";
		};
		0811BFD01F3EE56A000FEBB7 /* Model */ = {
			isa = PBXGroup;
			children = (
				08AEA2A31F4080A400A8F91B /* AdsModel.h */,
				08AEA2A41F4080A400A8F91B /* AdsModel.m */,
				08AEA2A61F4080B600A8F91B /* NewsModel.h */,
				08AEA2A71F4080B600A8F91B /* NewsModel.m */,
				08AEA2A91F4080CB00A8F91B /* PaidNewsModel.h */,
				08AEA2AA1F4080CB00A8F91B /* PaidNewsModel.m */,
				08AEA2D21F42DE3B00A8F91B /* NewsReadModel.h */,
				08AEA2D31F42DE3B00A8F91B /* NewsReadModel.m */,
			);
			name = Model;
			sourceTree = "<group>";
		};
		0811BFD11F3EE572000FEBB7 /* View */ = {
			isa = PBXGroup;
			children = (
				08AEA2971F407FE200A8F91B /* AdsCell.h */,
				08AEA2981F407FE200A8F91B /* AdsCell.m */,
				08AEA29A1F407FF300A8F91B /* NewsCell.h */,
				08AEA29B1F407FF300A8F91B /* NewsCell.m */,
				08AEA29D1F40804200A8F91B /* PaidNewsCell.h */,
				08AEA29E1F40804200A8F91B /* PaidNewsCell.m */,
			);
			name = View;
			sourceTree = "<group>";
		};
		0811BFD21F3EE579000FEBB7 /* ViewController */ = {
			isa = PBXGroup;
			children = (
				0811BFC01F3EBC28000FEBB7 /* HomePageViewController.h */,
				0811BFC11F3EBC28000FEBB7 /* HomePageViewController.m */,
				08AEA2CC1F42DCEA00A8F91B /* ClassedViewController.h */,
				08AEA2CD1F42DCEA00A8F91B /* ClassedViewController.m */,
				08AEA2CF1F42DDC200A8F91B /* NewsReadController.h */,
				08AEA2D01F42DDC200A8F91B /* NewsReadController.m */,
			);
			name = ViewController;
			sourceTree = "<group>";
		};
		0811BFD31F3EE595000FEBB7 /* ViewController */ = {
			isa = PBXGroup;
			children = (
				0811BFB11F3EB9EA000FEBB7 /* LYTabBarController.h */,
				0811BFB21F3EB9EA000FEBB7 /* LYTabBarController.m */,
				0811BFB41F3EBA03000FEBB7 /* LYNavController.h */,
				0811BFB51F3EBA03000FEBB7 /* LYNavController.m */,
				0811BFBD1F3EBC0F000FEBB7 /* LYSSPaiViewController.h */,
				0811BFBE1F3EBC0F000FEBB7 /* LYSSPaiViewController.m */,
				08AEA2C91F42DC5600A8F91B /* LYSubViewController.h */,
				08AEA2CA1F42DC5600A8F91B /* LYSubViewController.m */,
			);
			name = ViewController;
			sourceTree = "<group>";
		};
		0811BFD51F3EE5B0000FEBB7 /* View */ = {
			isa = PBXGroup;
			children = (
				0811BFCD1F3ED0DE000FEBB7 /* HeaderView.h */,
				0811BFCE1F3ED0DE000FEBB7 /* HeaderView.m */,
			);
			name = View;
			sourceTree = "<group>";
		};
		08AEA2B61F41C50F00A8F91B /* ViewController */ = {
			isa = PBXGroup;
			children = (
				0811BFC31F3EBC37000FEBB7 /* FoundViewController.h */,
				0811BFC41F3EBC37000FEBB7 /* FoundViewController.m */,
			);
			name = ViewController;
			sourceTree = "<group>";
		};
		08AEA2B71F41C51800A8F91B /* View */ = {
			isa = PBXGroup;
			children = (
				08AEA2B91F41C54700A8F91B /* FindCell.h */,
				08AEA2BA1F41C54700A8F91B /* FindCell.m */,
			);
			name = View;
			sourceTree = "<group>";
		};
		08AEA2B81F41C51F00A8F91B /* Model */ = {
			isa = PBXGroup;
			children = (
				08AEA2BC1F41C55B00A8F91B /* FindModel.h */,
				08AEA2BD1F41C55B00A8F91B /* FindModel.m */,
			);
			name = Model;
			sourceTree = "<group>";
		};
		377A8602D8B960723BD97FFD /* Pods */ = {
			isa = PBXGroup;
			children = (
				BFE6C7EFC00EAFB9DC8831DF /* Pods-LYSSPai.debug.xcconfig */,
				D366C234FC70A18C81E460F4 /* Pods-LYSSPai.release.xcconfig */,
				CC67453B7788386F3B9CA6AE /* Pods-LYSSPaiTests.debug.xcconfig */,
				864C56B68E311541B809EFC3 /* Pods-LYSSPaiTests.release.xcconfig */,
				CCD9CB26E3F88F3A35D70399 /* Pods-LYSSPaiUITests.debug.xcconfig */,
				B65E504DFD23B15591185539 /* Pods-LYSSPaiUITests.release.xcconfig */,
			);
			name = Pods;
			sourceTree = "<group>";
		};
		ADAFDE5A5226781F4B9793B9 /* Frameworks */ = {
			isa = PBXGroup;
			children = (
				D5BCCD8B222D2A11AB86D018 /* libPods-LYSSPai.a */,
				730961651010214BB6992570 /* libPods-LYSSPaiTests.a */,
				048BD983B929E18478DDA7BE /* libPods-LYSSPaiUITests.a */,
			);
			name = Frameworks;
			sourceTree = "<group>";
		};
/* End PBXGroup section */

/* Begin PBXNativeTarget section */
		0811BB8B1F3EB3EC000FEBB7 /* LYSSPai */ = {
			isa = PBXNativeTarget;
			buildConfigurationList = 0811BBB91F3EB3EC000FEBB7 /* Build configuration list for PBXNativeTarget "LYSSPai" */;
			buildPhases = (
				DAC8F9510C1D0B096A4EAD5B /* [CP] Check Pods Manifest.lock */,
				0811BB881F3EB3EC000FEBB7 /* Sources */,
				0811BB891F3EB3EC000FEBB7 /* Frameworks */,
				0811BB8A1F3EB3EC000FEBB7 /* Resources */,
				2CF0F052AE4D18A85D3B0B4D /* [CP] Embed Pods Frameworks */,
				3298C46DF463652B22305B61 /* [CP] Copy Pods Resources */,
			);
			buildRules = (
			);
			dependencies = (
			);
			name = LYSSPai;
			productName = LYSSPai;
			productReference = 0811BB8C1F3EB3EC000FEBB7 /* LYSSPai.app */;
			productType = "com.apple.product-type.application";
		};
		0811BBA41F3EB3EC000FEBB7 /* LYSSPaiTests */ = {
			isa = PBXNativeTarget;
			buildConfigurationList = 0811BBBC1F3EB3EC000FEBB7 /* Build configuration list for PBXNativeTarget "LYSSPaiTests" */;
			buildPhases = (
				DC8D3494A773708B9F61033E /* [CP] Check Pods Manifest.lock */,
				0811BBA11F3EB3EC000FEBB7 /* Sources */,
				0811BBA21F3EB3EC000FEBB7 /* Frameworks */,
				0811BBA31F3EB3EC000FEBB7 /* Resources */,
				1325B1D08519645C3241DEAD /* [CP] Embed Pods Frameworks */,
				93EB09D83D4772B83233B0B2 /* [CP] Copy Pods Resources */,
			);
			buildRules = (
			);
			dependencies = (
				0811BBA71F3EB3EC000FEBB7 /* PBXTargetDependency */,
			);
			name = LYSSPaiTests;
			productName = LYSSPaiTests;
			productReference = 0811BBA51F3EB3EC000FEBB7 /* LYSSPaiTests.xctest */;
			productType = "com.apple.product-type.bundle.unit-test";
		};
		0811BBAF1F3EB3EC000FEBB7 /* LYSSPaiUITests */ = {
			isa = PBXNativeTarget;
			buildConfigurationList = 0811BBBF1F3EB3EC000FEBB7 /* Build configuration list for PBXNativeTarget "LYSSPaiUITests" */;
			buildPhases = (
				0E7747B36FDEA194AA6A1013 /* [CP] Check Pods Manifest.lock */,
				0811BBAC1F3EB3EC000FEBB7 /* Sources */,
				0811BBAD1F3EB3EC000FEBB7 /* Frameworks */,
				0811BBAE1F3EB3EC000FEBB7 /* Resources */,
				2E9CC2913BD86981934C4C8D /* [CP] Embed Pods Frameworks */,
				A96F0162CE09252102D403BE /* [CP] Copy Pods Resources */,
			);
			buildRules = (
			);
			dependencies = (
				0811BBB21F3EB3EC000FEBB7 /* PBXTargetDependency */,
			);
			name = LYSSPaiUITests;
			productName = LYSSPaiUITests;
			productReference = 0811BBB01F3EB3EC000FEBB7 /* LYSSPaiUITests.xctest */;
			productType = "com.apple.product-type.bundle.ui-testing";
		};
/* End PBXNativeTarget section */

/* Begin PBXProject section */
		0811BB841F3EB3EC000FEBB7 /* Project object */ = {
			isa = PBXProject;
			attributes = {
				LastUpgradeCheck = 0830;
				ORGANIZATIONNAME = halohily.com;
				TargetAttributes = {
					0811BB8B1F3EB3EC000FEBB7 = {
						CreatedOnToolsVersion = 8.3.3;
						DevelopmentTeam = V2GC55R3DL;
						ProvisioningStyle = Automatic;
					};
					0811BBA41F3EB3EC000FEBB7 = {
						CreatedOnToolsVersion = 8.3.3;
						DevelopmentTeam = V2GC55R3DL;
						ProvisioningStyle = Automatic;
						TestTargetID = 0811BB8B1F3EB3EC000FEBB7;
					};
					0811BBAF1F3EB3EC000FEBB7 = {
						CreatedOnToolsVersion = 8.3.3;
						DevelopmentTeam = V2GC55R3DL;
						ProvisioningStyle = Automatic;
						TestTargetID = 0811BB8B1F3EB3EC000FEBB7;
					};
				};
			};
			buildConfigurationList = 0811BB871F3EB3EC000FEBB7 /* Build configuration list for PBXProject "LYSSPai" */;
			compatibilityVersion = "Xcode 3.2";
			developmentRegion = English;
			hasScannedForEncodings = 0;
			knownRegions = (
				en,
				Base,
			);
			mainGroup = 0811BB831F3EB3EC000FEBB7;
			productRefGroup = 0811BB8D1F3EB3EC000FEBB7 /* Products */;
			projectDirPath = "";
			projectRoot = "";
			targets = (
				0811BB8B1F3EB3EC000FEBB7 /* LYSSPai */,
				0811BBA41F3EB3EC000FEBB7 /* LYSSPaiTests */,
				0811BBAF1F3EB3EC000FEBB7 /* LYSSPaiUITests */,
			);
		};
/* End PBXProject section */

/* Begin PBXResourcesBuildPhase section */
		0811BB8A1F3EB3EC000FEBB7 /* Resources */ = {
			isa = PBXResourcesBuildPhase;
			buildActionMask = 2147483647;
			files = (
				08AEA2B51F41C48A00A8F91B /* find.json in Resources */,
				08AEA2C21F42AC8E00A8F91B /* refresh.json in Resources */,
				0811BB9F1F3EB3EC000FEBB7 /* LaunchScreen.storyboard in Resources */,
				08AEA2B21F41B48800A8F91B /* paidNewsData.json in Resources */,
				08AEA2AD1F41A87800A8F91B /* newsData.json in Resources */,
				08AEA2C01F42A98300A8F91B /* news_refresh.json in Resources */,
				08AEA2B31F41B48800A8F91B /* newsData2.json in Resources */,
				08AEA2B11F41B48800A8F91B /* adsData.json in Resources */,
				0811BB9C1F3EB3EC000FEBB7 /* Assets.xcassets in Resources */,
			);
			runOnlyForDeploymentPostprocessing = 0;
		};
		0811BBA31F3EB3EC000FEBB7 /* Resources */ = {
			isa = PBXResourcesBuildPhase;
			buildActionMask = 2147483647;
			files = (
			);
			runOnlyForDeploymentPostprocessing = 0;
		};
		0811BBAE1F3EB3EC000FEBB7 /* Resources */ = {
			isa = PBXResourcesBuildPhase;
			buildActionMask = 2147483647;
			files = (
			);
			runOnlyForDeploymentPostprocessing = 0;
		};
/* End PBXResourcesBuildPhase section */

/* Begin PBXShellScriptBuildPhase section */
		0E7747B36FDEA194AA6A1013 /* [CP] Check Pods Manifest.lock */ = {
			isa = PBXShellScriptBuildPhase;
			buildActionMask = 2147483647;
			files = (
			);
			inputPaths = (
			);
			name = "[CP] Check Pods Manifest.lock";
			outputPaths = (
			);
			runOnlyForDeploymentPostprocessing = 0;
			shellPath = /bin/sh;
			shellScript = "diff \"${PODS_ROOT}/../Podfile.lock\" \"${PODS_ROOT}/Manifest.lock\" > /dev/null\nif [ $? != 0 ] ; then\n    # print error to STDERR\n    echo \"error: The sandbox is not in sync with the Podfile.lock. Run 'pod install' or update your CocoaPods installation.\" >&2\n    exit 1\nfi\n";
			showEnvVarsInLog = 0;
		};
		1325B1D08519645C3241DEAD /* [CP] Embed Pods Frameworks */ = {
			isa = PBXShellScriptBuildPhase;
			buildActionMask = 2147483647;
			files = (
			);
			inputPaths = (
			);
			name = "[CP] Embed Pods Frameworks";
			outputPaths = (
			);
			runOnlyForDeploymentPostprocessing = 0;
			shellPath = /bin/sh;
			shellScript = "\"${SRCROOT}/Pods/Target Support Files/Pods-LYSSPaiTests/Pods-LYSSPaiTests-frameworks.sh\"\n";
			showEnvVarsInLog = 0;
		};
		2CF0F052AE4D18A85D3B0B4D /* [CP] Embed Pods Frameworks */ = {
			isa = PBXShellScriptBuildPhase;
			buildActionMask = 2147483647;
			files = (
			);
			inputPaths = (
			);
			name = "[CP] Embed Pods Frameworks";
			outputPaths = (
			);
			runOnlyForDeploymentPostprocessing = 0;
			shellPath = /bin/sh;
			shellScript = "\"${SRCROOT}/Pods/Target Support Files/Pods-LYSSPai/Pods-LYSSPai-frameworks.sh\"\n";
			showEnvVarsInLog = 0;
		};
		2E9CC2913BD86981934C4C8D /* [CP] Embed Pods Frameworks */ = {
			isa = PBXShellScriptBuildPhase;
			buildActionMask = 2147483647;
			files = (
			);
			inputPaths = (
			);
			name = "[CP] Embed Pods Frameworks";
			outputPaths = (
			);
			runOnlyForDeploymentPostprocessing = 0;
			shellPath = /bin/sh;
			shellScript = "\"${SRCROOT}/Pods/Target Support Files/Pods-LYSSPaiUITests/Pods-LYSSPaiUITests-frameworks.sh\"\n";
			showEnvVarsInLog = 0;
		};
		3298C46DF463652B22305B61 /* [CP] Copy Pods Resources */ = {
			isa = PBXShellScriptBuildPhase;
			buildActionMask = 2147483647;
			files = (
			);
			inputPaths = (
			);
			name = "[CP] Copy Pods Resources";
			outputPaths = (
			);
			runOnlyForDeploymentPostprocessing = 0;
			shellPath = /bin/sh;
			shellScript = "\"${SRCROOT}/Pods/Target Support Files/Pods-LYSSPai/Pods-LYSSPai-resources.sh\"\n";
			showEnvVarsInLog = 0;
		};
		93EB09D83D4772B83233B0B2 /* [CP] Copy Pods Resources */ = {
			isa = PBXShellScriptBuildPhase;
			buildActionMask = 2147483647;
			files = (
			);
			inputPaths = (
			);
			name = "[CP] Copy Pods Resources";
			outputPaths = (
			);
			runOnlyForDeploymentPostprocessing = 0;
			shellPath = /bin/sh;
			shellScript = "\"${SRCROOT}/Pods/Target Support Files/Pods-LYSSPaiTests/Pods-LYSSPaiTests-resources.sh\"\n";
			showEnvVarsInLog = 0;
		};
		A96F0162CE09252102D403BE /* [CP] Copy Pods Resources */ = {
			isa = PBXShellScriptBuildPhase;
			buildActionMask = 2147483647;
			files = (
			);
			inputPaths = (
			);
			name = "[CP] Copy Pods Resources";
			outputPaths = (
			);
			runOnlyForDeploymentPostprocessing = 0;
			shellPath = /bin/sh;
			shellScript = "\"${SRCROOT}/Pods/Target Support Files/Pods-LYSSPaiUITests/Pods-LYSSPaiUITests-resources.sh\"\n";
			showEnvVarsInLog = 0;
		};
		DAC8F9510C1D0B096A4EAD5B /* [CP] Check Pods Manifest.lock */ = {
			isa = PBXShellScriptBuildPhase;
			buildActionMask = 2147483647;
			files = (
			);
			inputPaths = (
			);
			name = "[CP] Check Pods Manifest.lock";
			outputPaths = (
			);
			runOnlyForDeploymentPostprocessing = 0;
			shellPath = /bin/sh;
			shellScript = "diff \"${PODS_ROOT}/../Podfile.lock\" \"${PODS_ROOT}/Manifest.lock\" > /dev/null\nif [ $? != 0 ] ; then\n    # print error to STDERR\n    echo \"error: The sandbox is not in sync with the Podfile.lock. Run 'pod install' or update your CocoaPods installation.\" >&2\n    exit 1\nfi\n";
			showEnvVarsInLog = 0;
		};
		DC8D3494A773708B9F61033E /* [CP] Check Pods Manifest.lock */ = {
			isa = PBXShellScriptBuildPhase;
			buildActionMask = 2147483647;
			files = (
			);
			inputPaths = (
			);
			name = "[CP] Check Pods Manifest.lock";
			outputPaths = (
			);
			runOnlyForDeploymentPostprocessing = 0;
			shellPath = /bin/sh;
			shellScript = "diff \"${PODS_ROOT}/../Podfile.lock\" \"${PODS_ROOT}/Manifest.lock\" > /dev/null\nif [ $? != 0 ] ; then\n    # print error to STDERR\n    echo \"error: The sandbox is not in sync with the Podfile.lock. Run 'pod install' or update your CocoaPods installation.\" >&2\n    exit 1\nfi\n";
			showEnvVarsInLog = 0;
		};
/* End PBXShellScriptBuildPhase section */

/* Begin PBXSourcesBuildPhase section */
		0811BB881F3EB3EC000FEBB7 /* Sources */ = {
			isa = PBXSourcesBuildPhase;
			buildActionMask = 2147483647;
			files = (
				08AEA2BB1F41C54700A8F91B /* FindCell.m in Sources */,
				0811BB941F3EB3EC000FEBB7 /* AppDelegate.m in Sources */,
				0811BFCF1F3ED0DE000FEBB7 /* HeaderView.m in Sources */,
				08AEA29C1F407FF300A8F91B /* NewsCell.m in Sources */,
				08AEA2BE1F41C55B00A8F91B /* FindModel.m in Sources */,
				08AEA29F1F40804200A8F91B /* PaidNewsCell.m in Sources */,
				08AEA2CB1F42DC5600A8F91B /* LYSubViewController.m in Sources */,
				0811BFB31F3EB9EA000FEBB7 /* LYTabBarController.m in Sources */,
				0811BFB61F3EBA03000FEBB7 /* LYNavController.m in Sources */,
				08AEA2AB1F4080CB00A8F91B /* PaidNewsModel.m in Sources */,
				08AEA2D11F42DDC200A8F91B /* NewsReadController.m in Sources */,
				0811BFC51F3EBC37000FEBB7 /* FoundViewController.m in Sources */,
				0811BB911F3EB3EC000FEBB7 /* main.m in Sources */,
				0811BFC21F3EBC28000FEBB7 /* HomePageViewController.m in Sources */,
				0811BFC81F3EBC55000FEBB7 /* MessageViewController.m in Sources */,
				08AEA2A81F4080B600A8F91B /* NewsModel.m in Sources */,
				08AEA2A51F4080A400A8F91B /* AdsModel.m in Sources */,
				08AEA2991F407FE200A8F91B /* AdsCell.m in Sources */,
				08AEA2D41F42DE3B00A8F91B /* NewsReadModel.m in Sources */,
				0811BFBF1F3EBC0F000FEBB7 /* LYSSPaiViewController.m in Sources */,
				0811BFBC1F3EBA72000FEBB7 /* LoginPageViewController.m in Sources */,
				08AEA2CE1F42DCEA00A8F91B /* ClassedViewController.m in Sources */,
			);
			runOnlyForDeploymentPostprocessing = 0;
		};
		0811BBA11F3EB3EC000FEBB7 /* Sources */ = {
			isa = PBXSourcesBuildPhase;
			buildActionMask = 2147483647;
			files = (
			);
			runOnlyForDeploymentPostprocessing = 0;
		};
		0811BBAC1F3EB3EC000FEBB7 /* Sources */ = {
			isa = PBXSourcesBuildPhase;
			buildActionMask = 2147483647;
			files = (
			);
			runOnlyForDeploymentPostprocessing = 0;
		};
/* End PBXSourcesBuildPhase section */

/* Begin PBXTargetDependency section */
		0811BBA71F3EB3EC000FEBB7 /* PBXTargetDependency */ = {
			isa = PBXTargetDependency;
			target = 0811BB8B1F3EB3EC000FEBB7 /* LYSSPai */;
			targetProxy = 0811BBA61F3EB3EC000FEBB7 /* PBXContainerItemProxy */;
		};
		0811BBB21F3EB3EC000FEBB7 /* PBXTargetDependency */ = {
			isa = PBXTargetDependency;
			target = 0811BB8B1F3EB3EC000FEBB7 /* LYSSPai */;
			targetProxy = 0811BBB11F3EB3EC000FEBB7 /* PBXContainerItemProxy */;
		};
/* End PBXTargetDependency section */

/* Begin PBXVariantGroup section */
		0811BB9D1F3EB3EC000FEBB7 /* LaunchScreen.storyboard */ = {
			isa = PBXVariantGroup;
			children = (
				0811BB9E1F3EB3EC000FEBB7 /* Base */,
			);
			name = LaunchScreen.storyboard;
			sourceTree = "<group>";
		};
/* End PBXVariantGroup section */

/* Begin XCBuildConfiguration section */
		0811BBB71F3EB3EC000FEBB7 /* Debug */ = {
			isa = XCBuildConfiguration;
			buildSettings = {
				ALWAYS_SEARCH_USER_PATHS = NO;
				CLANG_ANALYZER_NONNULL = YES;
				CLANG_ANALYZER_NUMBER_OBJECT_CONVERSION = YES_AGGRESSIVE;
				CLANG_CXX_LANGUAGE_STANDARD = "gnu++0x";
				CLANG_CXX_LIBRARY = "libc++";
				CLANG_ENABLE_MODULES = YES;
				CLANG_ENABLE_OBJC_ARC = YES;
				CLANG_WARN_BOOL_CONVERSION = YES;
				CLANG_WARN_CONSTANT_CONVERSION = YES;
				CLANG_WARN_DIRECT_OBJC_ISA_USAGE = YES_ERROR;
				CLANG_WARN_DOCUMENTATION_COMMENTS = YES;
				CLANG_WARN_EMPTY_BODY = YES;
				CLANG_WARN_ENUM_CONVERSION = YES;
				CLANG_WARN_INFINITE_RECURSION = YES;
				CLANG_WARN_INT_CONVERSION = YES;
				CLANG_WARN_OBJC_ROOT_CLASS = YES_ERROR;
				CLANG_WARN_SUSPICIOUS_MOVE = YES;
				CLANG_WARN_UNREACHABLE_CODE = YES;
				CLANG_WARN__DUPLICATE_METHOD_MATCH = YES;
				"CODE_SIGN_IDENTITY[sdk=iphoneos*]" = "iPhone Developer";
				COPY_PHASE_STRIP = NO;
				DEBUG_INFORMATION_FORMAT = dwarf;
				ENABLE_STRICT_OBJC_MSGSEND = YES;
				ENABLE_TESTABILITY = YES;
				GCC_C_LANGUAGE_STANDARD = gnu99;
				GCC_DYNAMIC_NO_PIC = NO;
				GCC_NO_COMMON_BLOCKS = YES;
				GCC_OPTIMIZATION_LEVEL = 0;
				GCC_PREPROCESSOR_DEFINITIONS = (
					"DEBUG=1",
					"$(inherited)",
				);
				GCC_WARN_64_TO_32_BIT_CONVERSION = YES;
				GCC_WARN_ABOUT_RETURN_TYPE = YES_ERROR;
				GCC_WARN_UNDECLARED_SELECTOR = YES;
				GCC_WARN_UNINITIALIZED_AUTOS = YES_AGGRESSIVE;
				GCC_WARN_UNUSED_FUNCTION = YES;
				GCC_WARN_UNUSED_VARIABLE = YES;
				IPHONEOS_DEPLOYMENT_TARGET = 10.3;
				MTL_ENABLE_DEBUG_INFO = YES;
				ONLY_ACTIVE_ARCH = YES;
				SDKROOT = iphoneos;
				TARGETED_DEVICE_FAMILY = "1,2";
			};
			name = Debug;
		};
		0811BBB81F3EB3EC000FEBB7 /* Release */ = {
			isa = XCBuildConfiguration;
			buildSettings = {
				ALWAYS_SEARCH_USER_PATHS = NO;
				CLANG_ANALYZER_NONNULL = YES;
				CLANG_ANALYZER_NUMBER_OBJECT_CONVERSION = YES_AGGRESSIVE;
				CLANG_CXX_LANGUAGE_STANDARD = "gnu++0x";
				CLANG_CXX_LIBRARY = "libc++";
				CLANG_ENABLE_MODULES = YES;
				CLANG_ENABLE_OBJC_ARC = YES;
				CLANG_WARN_BOOL_CONVERSION = YES;
				CLANG_WARN_CONSTANT_CONVERSION = YES;
				CLANG_WARN_DIRECT_OBJC_ISA_USAGE = YES_ERROR;
				CLANG_WARN_DOCUMENTATION_COMMENTS = YES;
				CLANG_WARN_EMPTY_BODY = YES;
				CLANG_WARN_ENUM_CONVERSION = YES;
				CLANG_WARN_INFINITE_RECURSION = YES;
				CLANG_WARN_INT_CONVERSION = YES;
				CLANG_WARN_OBJC_ROOT_CLASS = YES_ERROR;
				CLANG_WARN_SUSPICIOUS_MOVE = YES;
				CLANG_WARN_UNREACHABLE_CODE = YES;
				CLANG_WARN__DUPLICATE_METHOD_MATCH = YES;
				"CODE_SIGN_IDENTITY[sdk=iphoneos*]" = "iPhone Developer";
				COPY_PHASE_STRIP = NO;
				DEBUG_INFORMATION_FORMAT = "dwarf-with-dsym";
				ENABLE_NS_ASSERTIONS = NO;
				ENABLE_STRICT_OBJC_MSGSEND = YES;
				GCC_C_LANGUAGE_STANDARD = gnu99;
				GCC_NO_COMMON_BLOCKS = YES;
				GCC_WARN_64_TO_32_BIT_CONVERSION = YES;
				GCC_WARN_ABOUT_RETURN_TYPE = YES_ERROR;
				GCC_WARN_UNDECLARED_SELECTOR = YES;
				GCC_WARN_UNINITIALIZED_AUTOS = YES_AGGRESSIVE;
				GCC_WARN_UNUSED_FUNCTION = YES;
				GCC_WARN_UNUSED_VARIABLE = YES;
				IPHONEOS_DEPLOYMENT_TARGET = 10.3;
				MTL_ENABLE_DEBUG_INFO = NO;
				SDKROOT = iphoneos;
				TARGETED_DEVICE_FAMILY = "1,2";
				VALIDATE_PRODUCT = YES;
			};
			name = Release;
		};
		0811BBBA1F3EB3EC000FEBB7 /* Debug */ = {
			isa = XCBuildConfiguration;
			baseConfigurationReference = BFE6C7EFC00EAFB9DC8831DF /* Pods-LYSSPai.debug.xcconfig */;
			buildSettings = {
				ASSETCATALOG_COMPILER_APPICON_NAME = AppIcon;
				DEVELOPMENT_TEAM = V2GC55R3DL;
				GCC_PRECOMPILE_PREFIX_HEADER = YES;
				GCC_PREFIX_HEADER = "$(SRCROOT)/LYSSPai/PrefixHeader.pch";
				INFOPLIST_FILE = LYSSPai/Info.plist;
				LD_RUNPATH_SEARCH_PATHS = "$(inherited) @executable_path/Frameworks";
				PRODUCT_BUNDLE_IDENTIFIER = halohily.com.LYSSPai;
				PRODUCT_NAME = "$(TARGET_NAME)";
			};
			name = Debug;
		};
		0811BBBB1F3EB3EC000FEBB7 /* Release */ = {
			isa = XCBuildConfiguration;
			baseConfigurationReference = D366C234FC70A18C81E460F4 /* Pods-LYSSPai.release.xcconfig */;
			buildSettings = {
				ASSETCATALOG_COMPILER_APPICON_NAME = AppIcon;
				DEVELOPMENT_TEAM = V2GC55R3DL;
				GCC_PRECOMPILE_PREFIX_HEADER = YES;
				GCC_PREFIX_HEADER = "$(SRCROOT)/LYSSPai/PrefixHeader.pch";
				INFOPLIST_FILE = LYSSPai/Info.plist;
				LD_RUNPATH_SEARCH_PATHS = "$(inherited) @executable_path/Frameworks";
				PRODUCT_BUNDLE_IDENTIFIER = halohily.com.LYSSPai;
				PRODUCT_NAME = "$(TARGET_NAME)";
			};
			name = Release;
		};
		0811BBBD1F3EB3EC000FEBB7 /* Debug */ = {
			isa = XCBuildConfiguration;
			baseConfigurationReference = CC67453B7788386F3B9CA6AE /* Pods-LYSSPaiTests.debug.xcconfig */;
			buildSettings = {
				BUNDLE_LOADER = "$(TEST_HOST)";
				DEVELOPMENT_TEAM = V2GC55R3DL;
				INFOPLIST_FILE = LYSSPaiTests/Info.plist;
				LD_RUNPATH_SEARCH_PATHS = "$(inherited) @executable_path/Frameworks @loader_path/Frameworks";
				PRODUCT_BUNDLE_IDENTIFIER = halohily.com.LYSSPaiTests;
				PRODUCT_NAME = "$(TARGET_NAME)";
				TEST_HOST = "$(BUILT_PRODUCTS_DIR)/LYSSPai.app/LYSSPai";
			};
			name = Debug;
		};
		0811BBBE1F3EB3EC000FEBB7 /* Release */ = {
			isa = XCBuildConfiguration;
			baseConfigurationReference = 864C56B68E311541B809EFC3 /* Pods-LYSSPaiTests.release.xcconfig */;
			buildSettings = {
				BUNDLE_LOADER = "$(TEST_HOST)";
				DEVELOPMENT_TEAM = V2GC55R3DL;
				INFOPLIST_FILE = LYSSPaiTests/Info.plist;
				LD_RUNPATH_SEARCH_PATHS = "$(inherited) @executable_path/Frameworks @loader_path/Frameworks";
				PRODUCT_BUNDLE_IDENTIFIER = halohily.com.LYSSPaiTests;
				PRODUCT_NAME = "$(TARGET_NAME)";
				TEST_HOST = "$(BUILT_PRODUCTS_DIR)/LYSSPai.app/LYSSPai";
			};
			name = Release;
		};
		0811BBC01F3EB3EC000FEBB7 /* Debug */ = {
			isa = XCBuildConfiguration;
			baseConfigurationReference = CCD9CB26E3F88F3A35D70399 /* Pods-LYSSPaiUITests.debug.xcconfig */;
			buildSettings = {
				DEVELOPMENT_TEAM = V2GC55R3DL;
				INFOPLIST_FILE = LYSSPaiUITests/Info.plist;
				LD_RUNPATH_SEARCH_PATHS = "$(inherited) @executable_path/Frameworks @loader_path/Frameworks";
				PRODUCT_BUNDLE_IDENTIFIER = halohily.com.LYSSPaiUITests;
				PRODUCT_NAME = "$(TARGET_NAME)";
				TEST_TARGET_NAME = LYSSPai;
			};
			name = Debug;
		};
		0811BBC11F3EB3EC000FEBB7 /* Release */ = {
			isa = XCBuildConfiguration;
			baseConfigurationReference = B65E504DFD23B15591185539 /* Pods-LYSSPaiUITests.release.xcconfig */;
			buildSettings = {
				DEVELOPMENT_TEAM = V2GC55R3DL;
				INFOPLIST_FILE = LYSSPaiUITests/Info.plist;
				LD_RUNPATH_SEARCH_PATHS = "$(inherited) @executable_path/Frameworks @loader_path/Frameworks";
				PRODUCT_BUNDLE_IDENTIFIER = halohily.com.LYSSPaiUITests;
				PRODUCT_NAME = "$(TARGET_NAME)";
				TEST_TARGET_NAME = LYSSPai;
			};
			name = Release;
		};
/* End XCBuildConfiguration section */

/* Begin XCConfigurationList section */
		0811BB871F3EB3EC000FEBB7 /* Build configuration list for PBXProject "LYSSPai" */ = {
			isa = XCConfigurationList;
			buildConfigurations = (
				0811BBB71F3EB3EC000FEBB7 /* Debug */,
				0811BBB81F3EB3EC000FEBB7 /* Release */,
			);
			defaultConfigurationIsVisible = 0;
			defaultConfigurationName = Release;
		};
		0811BBB91F3EB3EC000FEBB7 /* Build configuration list for PBXNativeTarget "LYSSPai" */ = {
			isa = XCConfigurationList;
			buildConfigurations = (
				0811BBBA1F3EB3EC000FEBB7 /* Debug */,
				0811BBBB1F3EB3EC000FEBB7 /* Release */,
			);
			defaultConfigurationIsVisible = 0;
			defaultConfigurationName = Release;
		};
		0811BBBC1F3EB3EC000FEBB7 /* Build configuration list for PBXNativeTarget "LYSSPaiTests" */ = {
			isa = XCConfigurationList;
			buildConfigurations = (
				0811BBBD1F3EB3EC000FEBB7 /* Debug */,
				0811BBBE1F3EB3EC000FEBB7 /* Release */,
			);
			defaultConfigurationIsVisible = 0;
			defaultConfigurationName = Release;
		};
		0811BBBF1F3EB3EC000FEBB7 /* Build configuration list for PBXNativeTarget "LYSSPaiUITests" */ = {
			isa = XCConfigurationList;
			buildConfigurations = (
				0811BBC01F3EB3EC000FEBB7 /* Debug */,
				0811BBC11F3EB3EC000FEBB7 /* Release */,
			);
			defaultConfigurationIsVisible = 0;
			defaultConfigurationName = Release;
		};
/* End XCConfigurationList section */
	};
	rootObject = 0811BB841F3EB3EC000FEBB7 /* Project object */;
}
